# THIS IS AN AUTOGENERATED FILE. DO NOT EDIT THIS FILE DIRECTLY.
# yarn lockfile v1


"@babel/runtime@^7.18.9", "@babel/runtime@^7.20.1", "@babel/runtime@^7.5.5", "@babel/runtime@^7.8.7":
  version "7.20.1"
  resolved "https://registry.yarnpkg.com/@babel/runtime/-/runtime-7.20.1.tgz#1148bb33ab252b165a06698fde7576092a78b4a9"
  integrity sha512-mrzLkl6U9YLF8qpqI7TB82PESyEGjm/0Ly91jG575eVxMMlb8fYfOXFZIJ8XfLrJZQbm7dlKry2bJmXBUEkdFg==
  dependencies:
    regenerator-runtime "^0.13.10"

"@date-io/core@^2.15.0", "@date-io/core@^2.16.0":
  version "2.16.0"
  resolved "https://registry.yarnpkg.com/@date-io/core/-/core-2.16.0.tgz#7871bfc1d9bca9aa35ad444a239505589d0f22f6"
  integrity sha512-DYmSzkr+jToahwWrsiRA2/pzMEtz9Bq1euJwoOuYwuwIYXnZFtHajY2E6a1VNVDc9jP8YUXK1BvnZH9mmT19Zg==

"@date-io/date-fns@^2.15.0":
  version "2.16.0"
  resolved "https://registry.yarnpkg.com/@date-io/date-fns/-/date-fns-2.16.0.tgz#bd5e09b6ecb47ee55e593fc3a87e7b2caaa3da40"
  integrity sha512-bfm5FJjucqlrnQcXDVU5RD+nlGmL3iWgkHTq3uAZWVIuBu6dDmGa3m8a6zo2VQQpu8ambq9H22UyUpn7590joA==
  dependencies:
    "@date-io/core" "^2.16.0"

"@date-io/dayjs@^2.15.0":
  version "2.16.0"
  resolved "https://registry.yarnpkg.com/@date-io/dayjs/-/dayjs-2.16.0.tgz#0d2c254ad8db1306fdc4b8eda197cb53c9af89dc"
  integrity sha512-y5qKyX2j/HG3zMvIxTobYZRGnd1FUW2olZLS0vTj7bEkBQkjd2RO7/FEwDY03Z1geVGlXKnzIATEVBVaGzV4Iw==
  dependencies:
    "@date-io/core" "^2.16.0"

"@date-io/luxon@^2.15.0":
  version "2.16.1"
  resolved "https://registry.yarnpkg.com/@date-io/luxon/-/luxon-2.16.1.tgz#b08786614cb58831c729a15807753011e4acb966"
  integrity sha512-aeYp5K9PSHV28946pC+9UKUi/xMMYoaGelrpDibZSgHu2VWHXrr7zWLEr+pMPThSs5vt8Ei365PO+84pCm37WQ==
  dependencies:
    "@date-io/core" "^2.16.0"

"@date-io/moment@^2.15.0":
  version "2.16.1"
  resolved "https://registry.yarnpkg.com/@date-io/moment/-/moment-2.16.1.tgz#ec6e0daa486871e0e6412036c6f806842a0eeed4"
  integrity sha512-JkxldQxUqZBfZtsaCcCMkm/dmytdyq5pS1RxshCQ4fHhsvP5A7gSqPD22QbVXMcJydi3d3v1Y8BQdUKEuGACZQ==
  dependencies:
    "@date-io/core" "^2.16.0"

"@mui/utils@^5.10.3":
  version "5.10.15"
  resolved "https://registry.yarnpkg.com/@mui/utils/-/utils-5.10.15.tgz#54fc1b373508d20dd5568070b2dcc0818e6bebba"
  integrity sha512-6AW4MLBUijJi31hxx+6utTJM2q/4hbO+QiMdtwM+f4Iy+BfFnh/elhb08apxNYLfuugPnXXpkDmzEjg+8uDU9g==
  dependencies:
    "@babel/runtime" "^7.20.1"
    "@types/prop-types" "^15.7.5"
    "@types/react-is" "^16.7.1 || ^17.0.0"
    prop-types "^15.8.1"
    react-is "^18.2.0"

"@mui/x-date-pickers-pro@^5.0.9":
  version "5.0.9"
  resolved "https://registry.yarnpkg.com/@mui/x-date-pickers-pro/-/x-date-pickers-pro-5.0.9.tgz#2e79d9a379d900b5fc19a62d423717bd12cc4be5"
  integrity sha512-7Sn3vb8OmCIYpNSSplH8qRoRgyYUEJBM9VWqpxRuZNQIjMAAZa571quLDMf+8DPVNB5RW+wf6Xl8tY3Vwnq3dA==
  dependencies:
    "@babel/runtime" "^7.18.9"
    "@date-io/date-fns" "^2.15.0"
    "@date-io/dayjs" "^2.15.0"
    "@date-io/luxon" "^2.15.0"
    "@date-io/moment" "^2.15.0"
    "@mui/utils" "^5.10.3"
    "@mui/x-date-pickers" "5.0.9"
    "@mui/x-license-pro" "5.17.12"
    clsx "^1.2.1"
    prop-types "^15.7.2"
    react-transition-group "^4.4.5"
    rifm "^0.12.1"

"@mui/x-date-pickers@5.0.9":
  version "5.0.9"
  resolved "https://registry.yarnpkg.com/@mui/x-date-pickers/-/x-date-pickers-5.0.9.tgz#7490ba4615285280fcb42bdd38f68578f2faa5f4"
  integrity sha512-PM3RU8MiwDVi+dSDGJ7ylI0hCe79wSCDfrjghS8ApGGFn/n87S8pUZxsZ5czw3mVRN6VfS2C19peo4nM1Tx+nA==
  dependencies:
    "@babel/runtime" "^7.18.9"
    "@date-io/core" "^2.15.0"
    "@date-io/date-fns" "^2.15.0"
    "@date-io/dayjs" "^2.15.0"
    "@date-io/luxon" "^2.15.0"
    "@date-io/moment" "^2.15.0"
    "@mui/utils" "^5.10.3"
    "@types/react-transition-group" "^4.4.5"
    clsx "^1.2.1"
    prop-types "^15.7.2"
    react-transition-group "^4.4.5"
    rifm "^0.12.1"

"@mui/x-license-pro@5.17.12":
  version "5.17.12"
  resolved "https://registry.yarnpkg.com/@mui/x-license-pro/-/x-license-pro-5.17.12.tgz#d069416b7191f9f5b77b2bf7375d2c51aead497c"
  integrity sha512-UzFaE+9A30kfguCuME0D5zqsItqbHZ3xZwmyrJr8MvZOEoqiJWF4NT4Pvlg2nqaPYt/h81j7sjVFa3KiwT0vbg==
  dependencies:
    "@babel/runtime" "^7.18.9"
    "@mui/utils" "^5.10.3"

"@types/prop-types@*", "@types/prop-types@^15.7.5":
  version "15.7.5"
  resolved "https://registry.yarnpkg.com/@types/prop-types/-/prop-types-15.7.5.tgz#5f19d2b85a98e9558036f6a3cacc8819420f05cf"
  integrity sha512-JCB8C6SnDoQf0cNycqd/35A7MjcnK+ZTqE7judS6o7utxUCg6imJg3QK2qzHKszlTjcj2cn+NwMB2i96ubpj7w==

"@types/react-is@^16.7.1 || ^17.0.0":
  version "17.0.3"
  resolved "https://registry.yarnpkg.com/@types/react-is/-/react-is-17.0.3.tgz#2d855ba575f2fc8d17ef9861f084acc4b90a137a"
  integrity sha512-aBTIWg1emtu95bLTLx0cpkxwGW3ueZv71nE2YFBpL8k/z5czEW8yYpOo8Dp+UUAFAtKwNaOsh/ioSeQnWlZcfw==
  dependencies:
    "@types/react" "*"

"@types/react-transition-group@^4.4.5":
  version "4.4.5"
  resolved "https://registry.yarnpkg.com/@types/react-transition-group/-/react-transition-group-4.4.5.tgz#aae20dcf773c5aa275d5b9f7cdbca638abc5e416"
  integrity sha512-juKD/eiSM3/xZYzjuzH6ZwpP+/lejltmiS3QEzV/vmb/Q8+HfDmxu+Baga8UEMGBqV88Nbg4l2hY/K2DkyaLLA==
  dependencies:
    "@types/react" "*"

"@types/react@*":
  version "18.0.25"
  resolved "https://registry.yarnpkg.com/@types/react/-/react-18.0.25.tgz#8b1dcd7e56fe7315535a4af25435e0bb55c8ae44"
  integrity sha512-xD6c0KDT4m7n9uD4ZHi02lzskaiqcBxf4zi+tXZY98a04wvc0hi/TcCPC2FOESZi51Nd7tlUeOJY8RofL799/g==
  dependencies:
    "@types/prop-types" "*"
    "@types/scheduler" "*"
    csstype "^3.0.2"

"@types/scheduler@*":
  version "0.16.2"
  resolved "https://registry.yarnpkg.com/@types/scheduler/-/scheduler-0.16.2.tgz#1a62f89525723dde24ba1b01b092bf5df8ad4d39"
  integrity sha512-hppQEBDmlwhFAXKJX2KnWLYu5yMfi91yazPb2l+lbJiwW+wdo1gNeRA+3RgNSO39WYX2euey41KEwnqesU2Jew==

clsx@^1.2.1:
  version "1.2.1"
  resolved "https://registry.yarnpkg.com/clsx/-/clsx-1.2.1.tgz#0ddc4a20a549b59c93a4116bb26f5294ca17dc12"
  integrity sha512-EcR6r5a8bj6pu3ycsa/E/cKVGuTgZJZdsyUYHOksG/UHIiKfjxzRxYJpyVBwYaQeOvghal9fcc4PidlgzugAQg==

csstype@^3.0.2:
  version "3.1.1"
  resolved "https://registry.yarnpkg.com/csstype/-/csstype-3.1.1.tgz#841b532c45c758ee546a11d5bd7b7b473c8c30b9"
  integrity sha512-DJR/VvkAvSZW9bTouZue2sSxDwdTN92uHjqeKVm+0dAqdfNykRzQ95tay8aXMBAAPpUiq4Qcug2L7neoRh2Egw==

dom-helpers@^5.0.1:
  version "5.2.1"
  resolved "https://registry.yarnpkg.com/dom-helpers/-/dom-helpers-5.2.1.tgz#d9400536b2bf8225ad98fe052e029451ac40e902"
  integrity sha512-nRCa7CK3VTrM2NmGkIy4cbK7IZlgBE/PYMn55rrXefr5xXDP0LdtfPnblFDoVdcAfslJ7or6iqAUnx0CCGIWQA==
  dependencies:
    "@babel/runtime" "^7.8.7"
    csstype "^3.0.2"

"js-tokens@^3.0.0 || ^4.0.0":
  version "4.0.0"
  resolved "https://registry.yarnpkg.com/js-tokens/-/js-tokens-4.0.0.tgz#19203fb59991df98e3a287050d4647cdeaf32499"
  integrity sha512-RdJUflcE3cUzKiMqQgsCu06FPu9UdIJO0beYbPhHN4k6apgJtifcoCtT9bcxOpYBtpD2kCM6Sbzg4CausW/PKQ==

loose-envify@^1.4.0:
  version "1.4.0"
  resolved "https://registry.yarnpkg.com/loose-envify/-/loose-envify-1.4.0.tgz#71ee51fa7be4caec1a63839f7e682d8132d30caf"
  integrity sha512-lyuxPGr/Wfhrlem2CL/UcnUc1zcqKAImBDzukY7Y5F/yQiNdko6+fRLevlw1HgMySw7f611UIY408EtxRSoK3Q==
  dependencies:
    js-tokens "^3.0.0 || ^4.0.0"

object-assign@^4.1.1:
  version "4.1.1"
  resolved "https://registry.yarnpkg.com/object-assign/-/object-assign-4.1.1.tgz#2109adc7965887cfc05cbbd442cac8bfbb360863"
  integrity sha512-rJgTQnkUnH1sFw8yT6VSU3zD3sWmu6sZhIseY8VX+GRu3P6F7Fu+JNDoXfklElbLJSnc3FUQHVe4cU5hj+BcUg==

prop-types@^15.6.2, prop-types@^15.7.2, prop-types@^15.8.1:
  version "15.8.1"
  resolved "https://registry.yarnpkg.com/prop-types/-/prop-types-15.8.1.tgz#67d87bf1a694f48435cf332c24af10214a3140b5"
  integrity sha512-oj87CgZICdulUohogVAR7AjlC0327U4el4L6eAvOqCeudMDVU0NThNaV+b9Df4dXgSP1gXMTnPdhfe/2qDH5cg==
  dependencies:
    loose-envify "^1.4.0"
    object-assign "^4.1.1"
    react-is "^16.13.1"

react-is@^16.13.1:
  version "16.13.1"
  resolved "https://registry.yarnpkg.com/react-is/-/react-is-16.13.1.tgz#789729a4dc36de2999dc156dd6c1d9c18cea56a4"
  integrity sha512-24e6ynE2H+OKt4kqsOvNd8kBpV65zoxbA4BVsEOB3ARVWQki/DHzaUoC5KuON/BiccDaCCTZBuOcfZs70kR8bQ==

react-is@^18.2.0:
  version "18.2.0"
  resolved "https://registry.yarnpkg.com/react-is/-/react-is-18.2.0.tgz#199431eeaaa2e09f86427efbb4f1473edb47609b"
  integrity sha512-xWGDIW6x921xtzPkhiULtthJHoJvBbF3q26fzloPCK0hsvxtPVelvftw3zjbHWSkR2km9Z+4uxbDDK/6Zw9B8w==

react-transition-group@^4.4.5:
  version "4.4.5"
  resolved "https://registry.yarnpkg.com/react-transition-group/-/react-transition-group-4.4.5.tgz#e53d4e3f3344da8521489fbef8f2581d42becdd1"
  integrity sha512-pZcd1MCJoiKiBR2NRxeCRg13uCXbydPnmB4EOeRrY7480qNWO8IIgQG6zlDkm6uRMsURXPuKq0GWtiM59a5Q6g==
  dependencies:
    "@babel/runtime" "^7.5.5"
    dom-helpers "^5.0.1"
    loose-envify "^1.4.0"
    prop-types "^15.6.2"

regenerator-runtime@^0.13.10:
  version "0.13.11"
  resolved "https://registry.yarnpkg.com/regenerator-runtime/-/regenerator-runtime-0.13.11.tgz#f6dca3e7ceec20590d07ada785636a90cdca17f9"
  integrity sha512-kY1AZVr2Ra+t+piVaJ4gxaFaReZVH40AKNo7UCX6W+dEwBo/2oZJzqfuN1qLq1oL45o56cPaTXELwrTh8Fpggg==

rifm@^0.12.1:
  version "0.12.1"
  resolved "https://registry.yarnpkg.com/rifm/-/rifm-0.12.1.tgz#8fa77f45b7f1cda2a0068787ac821f0593967ac4"
  integrity sha512-OGA1Bitg/dSJtI/c4dh90svzaUPt228kzFsUkJbtA2c964IqEAwWXeL9ZJi86xWv3j5SMqRvGULl7bA6cK0Bvg==
